
Microsoft Visual Studio Solution File, Format Version 12.00
# Visual Studio Version 17
VisualStudioVersion = 17.1.32319.34
MinimumVisualStudioVersion = 10.0.40219.1
Project("{8BC9CEB8-8B4A-11D0-8D11-00A0C91BC942}") = "Sprinkler", "Sprinkler.vcxproj", "{A4A3A32F-4B1D-4B9E-A1D4-38A05B7FDBE1}"
EndProject
Global
	GlobalSection(SolutionConfigurationPlatforms) = preSolution
		Debug|Win32 = Debug|Win32
		Release|Win32 = Release|Win32
	EndGlobalSection
	GlobalSection(ProjectConfigurationPlatforms) = postSolution
		{A4A3A32F-4B1D-4B9E-A1D4-38A05B7FDBE1}.Debug|Win32.ActiveCfg = Debug|Win32
		{A4A3A32F-4B1D-4B9E-A1D4-38A05B7FDBE1}.Debug|Win32.Build.0 = Debug|Win32
		{A4A3A32F-4B1D-4B9E-A1D4-38A05B7FDBE1}.Release|Win32.ActiveCfg = Release|Win32
		{A4A3A32F-4B1D-4B9E-A1D4-38A05B7FDBE1}.Release|Win32.Build.0 = Release|Win32
	EndGlobalSection
	GlobalSection(SolutionProperties) = preSolution
		HideSolutionNode = FALSE
	EndGlobalSection
	GlobalSection(ExtensibilityGlobals) = postSolution
		SolutionGuid = {0A2B369A-3FE8-4DBC-978B-49EBDD5E445C}
	EndGlobalSection
EndGlobal
