
Microsoft Visual Studio Solution File, Format Version 9.00
# Visual Studio 2005
Project("{8BC9CEB8-8B4A-11D0-8D11-00A0C91BC942}") = "AmbientDiffuseSpecularDemo", "AmbientDiffuseSpecularDemo.vcproj", "{03D09517-AA3C-42B7-BE83-C2BB42866159}"
EndProject
Global
	GlobalSection(SolutionConfigurationPlatforms) = preSolution
		Debug|Win32 = Debug|Win32
		Release|Win32 = Release|Win32
	EndGlobalSection
	GlobalSection(ProjectConfigurationPlatforms) = postSolution
		{03D09517-AA3C-42B7-BE83-C2BB42866159}.Debug|Win32.ActiveCfg = Debug|Win32
		{03D09517-AA3C-42B7-BE83-C2BB42866159}.Debug|Win32.Build.0 = Debug|Win32
		{03D09517-AA3C-42B7-BE83-C2BB42866159}.Release|Win32.ActiveCfg = Release|Win32
		{03D09517-AA3C-42B7-BE83-C2BB42866159}.Release|Win32.Build.0 = Release|Win32
	EndGlobalSection
	GlobalSection(SolutionProperties) = preSolution
		HideSolutionNode = FALSE
	EndGlobalSection
EndGlobal
