
Microsoft Visual Studio Solution File, Format Version 9.00
# Visual Studio 2005
Project("{8BC9CEB8-8B4A-11D0-8D11-00A0C91BC942}") = "Transparent Water", "Transparent Water.vcproj", "{580314E2-B7B2-4B81-96C5-E849052953CC}"
EndProject
Global
	GlobalSection(SolutionConfigurationPlatforms) = preSolution
		Debug|Win32 = Debug|Win32
		Release|Win32 = Release|Win32
	EndGlobalSection
	GlobalSection(ProjectConfigurationPlatforms) = postSolution
		{580314E2-B7B2-4B81-96C5-E849052953CC}.Debug|Win32.ActiveCfg = Debug|Win32
		{580314E2-B7B2-4B81-96C5-E849052953CC}.Debug|Win32.Build.0 = Debug|Win32
		{580314E2-B7B2-4B81-96C5-E849052953CC}.Release|Win32.ActiveCfg = Release|Win32
		{580314E2-B7B2-4B81-96C5-E849052953CC}.Release|Win32.Build.0 = Release|Win32
	EndGlobalSection
	GlobalSection(SolutionProperties) = preSolution
		HideSolutionNode = FALSE
	EndGlobalSection
EndGlobal
