
Microsoft Visual Studio Solution File, Format Version 9.00
# Visual Studio 2005
Project("{8BC9CEB8-8B4A-11D0-8D11-00A0C91BC942}") = "Init Direct3D", "Init Direct3D.vcproj", "{EFB7FFF1-3E24-4A4E-B50A-5E90B88EFD20}"
EndProject
Global
	GlobalSection(SolutionConfigurationPlatforms) = preSolution
		Debug|Win32 = Debug|Win32
		Release|Win32 = Release|Win32
	EndGlobalSection
	GlobalSection(ProjectConfigurationPlatforms) = postSolution
		{EFB7FFF1-3E24-4A4E-B50A-5E90B88EFD20}.Debug|Win32.ActiveCfg = Debug|Win32
		{EFB7FFF1-3E24-4A4E-B50A-5E90B88EFD20}.Debug|Win32.Build.0 = Debug|Win32
		{EFB7FFF1-3E24-4A4E-B50A-5E90B88EFD20}.Release|Win32.ActiveCfg = Release|Win32
		{EFB7FFF1-3E24-4A4E-B50A-5E90B88EFD20}.Release|Win32.Build.0 = Release|Win32
	EndGlobalSection
	GlobalSection(SolutionProperties) = preSolution
		HideSolutionNode = FALSE
	EndGlobalSection
EndGlobal
