
Microsoft Visual Studio Solution File, Format Version 9.00
# Visual Studio 2005
Project("{8BC9CEB8-8B4A-11D0-8D11-00A0C91BC942}") = "Teapot with TexAlpha", "Teapot with TexAlpha.vcproj", "{5928BB32-5673-44DC-B1B4-9167A1E3E4B3}"
EndProject
Global
	GlobalSection(SolutionConfigurationPlatforms) = preSolution
		Debug|Win32 = Debug|Win32
		Release|Win32 = Release|Win32
	EndGlobalSection
	GlobalSection(ProjectConfigurationPlatforms) = postSolution
		{5928BB32-5673-44DC-B1B4-9167A1E3E4B3}.Debug|Win32.ActiveCfg = Debug|Win32
		{5928BB32-5673-44DC-B1B4-9167A1E3E4B3}.Debug|Win32.Build.0 = Debug|Win32
		{5928BB32-5673-44DC-B1B4-9167A1E3E4B3}.Release|Win32.ActiveCfg = Release|Win32
		{5928BB32-5673-44DC-B1B4-9167A1E3E4B3}.Release|Win32.Build.0 = Release|Win32
	EndGlobalSection
	GlobalSection(SolutionProperties) = preSolution
		HideSolutionNode = FALSE
	EndGlobalSection
EndGlobal
