
Microsoft Visual Studio Solution File, Format Version 9.00
# Visual Studio 2005
Project("{8BC9CEB8-8B4A-11D0-8D11-00A0C91BC942}") = "Tree Billboards", "Tree Billboards.vcproj", "{9C1DC0A8-9132-4329-A19B-3A463D1E21D4}"
EndProject
Global
	GlobalSection(SolutionConfigurationPlatforms) = preSolution
		Debug|Win32 = Debug|Win32
		Release|Win32 = Release|Win32
	EndGlobalSection
	GlobalSection(ProjectConfigurationPlatforms) = postSolution
		{9C1DC0A8-9132-4329-A19B-3A463D1E21D4}.Debug|Win32.ActiveCfg = Debug|Win32
		{9C1DC0A8-9132-4329-A19B-3A463D1E21D4}.Debug|Win32.Build.0 = Debug|Win32
		{9C1DC0A8-9132-4329-A19B-3A463D1E21D4}.Release|Win32.ActiveCfg = Release|Win32
		{9C1DC0A8-9132-4329-A19B-3A463D1E21D4}.Release|Win32.Build.0 = Release|Win32
	EndGlobalSection
	GlobalSection(SolutionProperties) = preSolution
		HideSolutionNode = FALSE
	EndGlobalSection
EndGlobal
