
Microsoft Visual Studio Solution File, Format Version 9.00
# Visual Studio 2005
Project("{8BC9CEB8-8B4A-11D0-8D11-00A0C91BC942}") = "Colored Cube", "Colored Cube.vcproj", "{5A7B2F4A-B9B5-468F-89F0-6F31B7FCBD8B}"
EndProject
Global
	GlobalSection(SolutionConfigurationPlatforms) = preSolution
		Debug|Win32 = Debug|Win32
		Release|Win32 = Release|Win32
	EndGlobalSection
	GlobalSection(ProjectConfigurationPlatforms) = postSolution
		{5A7B2F4A-B9B5-468F-89F0-6F31B7FCBD8B}.Debug|Win32.ActiveCfg = Debug|Win32
		{5A7B2F4A-B9B5-468F-89F0-6F31B7FCBD8B}.Debug|Win32.Build.0 = Debug|Win32
		{5A7B2F4A-B9B5-468F-89F0-6F31B7FCBD8B}.Release|Win32.ActiveCfg = Release|Win32
		{5A7B2F4A-B9B5-468F-89F0-6F31B7FCBD8B}.Release|Win32.Build.0 = Release|Win32
	EndGlobalSection
	GlobalSection(SolutionProperties) = preSolution
		HideSolutionNode = FALSE
	EndGlobalSection
EndGlobal
