
Microsoft Visual Studio Solution File, Format Version 12.00
# Visual Studio Version 17
VisualStudioVersion = 17.1.32319.34
MinimumVisualStudioVersion = 10.0.40219.1
Project("{8BC9CEB8-8B4A-11D0-8D11-00A0C91BC942}") = "SpotlightDemo", "SpotlightDemo.vcxproj", "{FEB33D11-D667-4430-8473-0757E9D0AEC0}"
EndProject
Global
	GlobalSection(SolutionConfigurationPlatforms) = preSolution
		Debug|Win32 = Debug|Win32
		Release|Win32 = Release|Win32
	EndGlobalSection
	GlobalSection(ProjectConfigurationPlatforms) = postSolution
		{FEB33D11-D667-4430-8473-0757E9D0AEC0}.Debug|Win32.ActiveCfg = Debug|Win32
		{FEB33D11-D667-4430-8473-0757E9D0AEC0}.Debug|Win32.Build.0 = Debug|Win32
		{FEB33D11-D667-4430-8473-0757E9D0AEC0}.Release|Win32.ActiveCfg = Release|Win32
		{FEB33D11-D667-4430-8473-0757E9D0AEC0}.Release|Win32.Build.0 = Release|Win32
	EndGlobalSection
	GlobalSection(SolutionProperties) = preSolution
		HideSolutionNode = FALSE
	EndGlobalSection
	GlobalSection(ExtensibilityGlobals) = postSolution
		SolutionGuid = {0A9C5428-AE8B-41F1-9595-1E9974BC259B}
	EndGlobalSection
EndGlobal
