
Microsoft Visual Studio Solution File, Format Version 12.00
# Visual Studio Version 17
VisualStudioVersion = 17.1.32319.34
MinimumVisualStudioVersion = 10.0.40219.1
Project("{8BC9CEB8-8B4A-11D0-8D11-00A0C91BC942}") = "Props", "Props.vcxproj", "{019234F0-C5B5-4506-996C-74E8062AE658}"
EndProject
Global
	GlobalSection(SolutionConfigurationPlatforms) = preSolution
		Debug|Win32 = Debug|Win32
		Release|Win32 = Release|Win32
	EndGlobalSection
	GlobalSection(ProjectConfigurationPlatforms) = postSolution
		{019234F0-C5B5-4506-996C-74E8062AE658}.Debug|Win32.ActiveCfg = Debug|Win32
		{019234F0-C5B5-4506-996C-74E8062AE658}.Debug|Win32.Build.0 = Debug|Win32
		{019234F0-C5B5-4506-996C-74E8062AE658}.Release|Win32.ActiveCfg = Release|Win32
		{019234F0-C5B5-4506-996C-74E8062AE658}.Release|Win32.Build.0 = Release|Win32
	EndGlobalSection
	GlobalSection(SolutionProperties) = preSolution
		HideSolutionNode = FALSE
	EndGlobalSection
	GlobalSection(ExtensibilityGlobals) = postSolution
		SolutionGuid = {370FA550-CCCF-48E8-95B8-C66A9335D9BB}
	EndGlobalSection
EndGlobal
