
Microsoft Visual Studio Solution File, Format Version 12.00
# Visual Studio Version 17
VisualStudioVersion = 17.1.32319.34
MinimumVisualStudioVersion = 10.0.40219.1
Project("{8BC9CEB8-8B4A-11D0-8D11-00A0C91BC942}") = "Asteroids", "Asteroids.vcxproj", "{31F91E53-023C-4E17-8070-7F3709C2962E}"
EndProject
Global
	GlobalSection(SolutionConfigurationPlatforms) = preSolution
		Debug|Win32 = Debug|Win32
		Release|Win32 = Release|Win32
	EndGlobalSection
	GlobalSection(ProjectConfigurationPlatforms) = postSolution
		{31F91E53-023C-4E17-8070-7F3709C2962E}.Debug|Win32.ActiveCfg = Debug|Win32
		{31F91E53-023C-4E17-8070-7F3709C2962E}.Debug|Win32.Build.0 = Debug|Win32
		{31F91E53-023C-4E17-8070-7F3709C2962E}.Release|Win32.ActiveCfg = Release|Win32
		{31F91E53-023C-4E17-8070-7F3709C2962E}.Release|Win32.Build.0 = Release|Win32
	EndGlobalSection
	GlobalSection(SolutionProperties) = preSolution
		HideSolutionNode = FALSE
	EndGlobalSection
	GlobalSection(ExtensibilityGlobals) = postSolution
		SolutionGuid = {1ED6B532-4BE0-4958-B595-5C3CE4FA9CE8}
	EndGlobalSection
EndGlobal
