
Microsoft Visual Studio Solution File, Format Version 12.00
# Visual Studio Version 17
VisualStudioVersion = 17.1.32319.34
MinimumVisualStudioVersion = 10.0.40219.1
Project("{8BC9CEB8-8B4A-11D0-8D11-00A0C91BC942}") = "GateDemo", "GateDemo.vcxproj", "{61D62CE9-ACF9-42C7-83AF-615B30D088A7}"
EndProject
Global
	GlobalSection(SolutionConfigurationPlatforms) = preSolution
		Debug|Win32 = Debug|Win32
		Release|Win32 = Release|Win32
	EndGlobalSection
	GlobalSection(ProjectConfigurationPlatforms) = postSolution
		{61D62CE9-ACF9-42C7-83AF-615B30D088A7}.Debug|Win32.ActiveCfg = Debug|Win32
		{61D62CE9-ACF9-42C7-83AF-615B30D088A7}.Debug|Win32.Build.0 = Debug|Win32
		{61D62CE9-ACF9-42C7-83AF-615B30D088A7}.Release|Win32.ActiveCfg = Release|Win32
		{61D62CE9-ACF9-42C7-83AF-615B30D088A7}.Release|Win32.Build.0 = Release|Win32
	EndGlobalSection
	GlobalSection(SolutionProperties) = preSolution
		HideSolutionNode = FALSE
	EndGlobalSection
	GlobalSection(ExtensibilityGlobals) = postSolution
		SolutionGuid = {A18E4102-5062-4A7D-8824-100CC04D6298}
	EndGlobalSection
EndGlobal
