
Microsoft Visual Studio Solution File, Format Version 12.00
# Visual Studio Version 17
VisualStudioVersion = 17.1.32319.34
MinimumVisualStudioVersion = 10.0.40219.1
Project("{8BC9CEB8-8B4A-11D0-8D11-00A0C91BC942}") = "SphereCylTex", "SphereCylTex.vcxproj", "{0426A682-9BE0-41BC-B2EF-209BC268E00A}"
EndProject
Global
	GlobalSection(SolutionConfigurationPlatforms) = preSolution
		Debug|Win32 = Debug|Win32
		Release|Win32 = Release|Win32
	EndGlobalSection
	GlobalSection(ProjectConfigurationPlatforms) = postSolution
		{0426A682-9BE0-41BC-B2EF-209BC268E00A}.Debug|Win32.ActiveCfg = Debug|Win32
		{0426A682-9BE0-41BC-B2EF-209BC268E00A}.Debug|Win32.Build.0 = Debug|Win32
		{0426A682-9BE0-41BC-B2EF-209BC268E00A}.Release|Win32.ActiveCfg = Release|Win32
		{0426A682-9BE0-41BC-B2EF-209BC268E00A}.Release|Win32.Build.0 = Release|Win32
	EndGlobalSection
	GlobalSection(SolutionProperties) = preSolution
		HideSolutionNode = FALSE
	EndGlobalSection
	GlobalSection(ExtensibilityGlobals) = postSolution
		SolutionGuid = {D389392E-0C2F-40B2-82A9-1DD6023CD762}
	EndGlobalSection
EndGlobal
