
Microsoft Visual Studio Solution File, Format Version 12.00
# Visual Studio Version 17
VisualStudioVersion = 17.1.32319.34
MinimumVisualStudioVersion = 10.0.40219.1
Project("{8BC9CEB8-8B4A-11D0-8D11-00A0C91BC942}") = "EnvMap", "EnvMap.vcxproj", "{18757098-FB7F-4913-8045-782223CB13FA}"
EndProject
Global
	GlobalSection(SolutionConfigurationPlatforms) = preSolution
		Debug|Win32 = Debug|Win32
		Release|Win32 = Release|Win32
	EndGlobalSection
	GlobalSection(ProjectConfigurationPlatforms) = postSolution
		{18757098-FB7F-4913-8045-782223CB13FA}.Debug|Win32.ActiveCfg = Debug|Win32
		{18757098-FB7F-4913-8045-782223CB13FA}.Debug|Win32.Build.0 = Debug|Win32
		{18757098-FB7F-4913-8045-782223CB13FA}.Release|Win32.ActiveCfg = Release|Win32
		{18757098-FB7F-4913-8045-782223CB13FA}.Release|Win32.Build.0 = Release|Win32
	EndGlobalSection
	GlobalSection(SolutionProperties) = preSolution
		HideSolutionNode = FALSE
	EndGlobalSection
	GlobalSection(ExtensibilityGlobals) = postSolution
		SolutionGuid = {F93EBA1A-3239-44AB-AB9A-072F2695F8B7}
	EndGlobalSection
EndGlobal
