
Microsoft Visual Studio Solution File, Format Version 9.00
# Visual Studio 2005
Project("{8BC9CEB8-8B4A-11D0-8D11-00A0C91BC942}") = "ColoredWavesDemo", "ColoredWavesDemo.vcproj", "{F32FD341-42B0-49D7-97F8-BF240B433219}"
EndProject
Global
	GlobalSection(SolutionConfigurationPlatforms) = preSolution
		Debug|Win32 = Debug|Win32
		Release|Win32 = Release|Win32
	EndGlobalSection
	GlobalSection(ProjectConfigurationPlatforms) = postSolution
		{F32FD341-42B0-49D7-97F8-BF240B433219}.Debug|Win32.ActiveCfg = Debug|Win32
		{F32FD341-42B0-49D7-97F8-BF240B433219}.Debug|Win32.Build.0 = Debug|Win32
		{F32FD341-42B0-49D7-97F8-BF240B433219}.Release|Win32.ActiveCfg = Release|Win32
		{F32FD341-42B0-49D7-97F8-BF240B433219}.Release|Win32.Build.0 = Release|Win32
	EndGlobalSection
	GlobalSection(SolutionProperties) = preSolution
		HideSolutionNode = FALSE
	EndGlobalSection
EndGlobal
