
Microsoft Visual Studio Solution File, Format Version 9.00
# Visual Studio 2005
Project("{8BC9CEB8-8B4A-11D0-8D11-00A0C91BC942}") = "RenderToTex", "RenderToTex.vcproj", "{CA223A9C-41FA-45AC-963A-E8ED73D742BC}"
EndProject
Global
	GlobalSection(SolutionConfigurationPlatforms) = preSolution
		Debug|Win32 = Debug|Win32
		Release|Win32 = Release|Win32
	EndGlobalSection
	GlobalSection(ProjectConfigurationPlatforms) = postSolution
		{CA223A9C-41FA-45AC-963A-E8ED73D742BC}.Debug|Win32.ActiveCfg = Debug|Win32
		{CA223A9C-41FA-45AC-963A-E8ED73D742BC}.Debug|Win32.Build.0 = Debug|Win32
		{CA223A9C-41FA-45AC-963A-E8ED73D742BC}.Release|Win32.ActiveCfg = Release|Win32
		{CA223A9C-41FA-45AC-963A-E8ED73D742BC}.Release|Win32.Build.0 = Release|Win32
	EndGlobalSection
	GlobalSection(SolutionProperties) = preSolution
		HideSolutionNode = FALSE
	EndGlobalSection
EndGlobal
