
Microsoft Visual Studio Solution File, Format Version 9.00
# Visual Studio 2005
Project("{8BC9CEB8-8B4A-11D0-8D11-00A0C91BC942}") = "Tiled Ground Demo", "Tiled Ground Demo.vcproj", "{FF623F3C-FDF3-4C09-9031-BB1429B12D6E}"
EndProject
Global
	GlobalSection(SolutionConfigurationPlatforms) = preSolution
		Debug|Win32 = Debug|Win32
		Release|Win32 = Release|Win32
	EndGlobalSection
	GlobalSection(ProjectConfigurationPlatforms) = postSolution
		{FF623F3C-FDF3-4C09-9031-BB1429B12D6E}.Debug|Win32.ActiveCfg = Debug|Win32
		{FF623F3C-FDF3-4C09-9031-BB1429B12D6E}.Debug|Win32.Build.0 = Debug|Win32
		{FF623F3C-FDF3-4C09-9031-BB1429B12D6E}.Release|Win32.ActiveCfg = Release|Win32
		{FF623F3C-FDF3-4C09-9031-BB1429B12D6E}.Release|Win32.Build.0 = Release|Win32
	EndGlobalSection
	GlobalSection(SolutionProperties) = preSolution
		HideSolutionNode = FALSE
	EndGlobalSection
EndGlobal
